
Microsoft Visual Studio Solution File, Format Version 12.00
# Visual Studio 15
VisualStudioVersion = 15.0.27428.1
MinimumVisualStudioVersion = 10.0.40219.1
Project("{FAE04EC0-301F-11D3-BF4B-00C04F79EFBC}") = "task1", "task1\task1.csproj", "{035D23BB-8242-41FD-8814-9E3DA046C114}"
EndProject
Global
	GlobalSection(SolutionConfigurationPlatforms) = preSolution
		Debug|Any CPU = Debug|Any CPU
		Release|Any CPU = Release|Any CPU
	EndGlobalSection
	GlobalSection(ProjectConfigurationPlatforms) = postSolution
		{035D23BB-8242-41FD-8814-9E3DA046C114}.Debug|Any CPU.ActiveCfg = Debug|Any CPU
		{035D23BB-8242-41FD-8814-9E3DA046C114}.Debug|Any CPU.Build.0 = Debug|Any CPU
		{035D23BB-8242-41FD-8814-9E3DA046C114}.Release|Any CPU.ActiveCfg = Release|Any CPU
		{035D23BB-8242-41FD-8814-9E3DA046C114}.Release|Any CPU.Build.0 = Release|Any CPU
	EndGlobalSection
	GlobalSection(SolutionProperties) = preSolution
		HideSolutionNode = FALSE
	EndGlobalSection
	GlobalSection(ExtensibilityGlobals) = postSolution
		SolutionGuid = {6661DFFC-075C-4F38-AABF-FDC77405BA81}
	EndGlobalSection
EndGlobal
